{
  "version": 2,
  "dependencies": {
    "net9.0": {
      "Microsoft.EntityFrameworkCore": {
        "type": "Direct",
        "requested": "[9.0.16, )",
        "resolved": "9.0.16",
        "contentHash": "vNtlfSJu4dQy3iMBib654PrhoZFOEoy8smSNQyrvhDXhKObiRG/sP50831hUXCNhNWNYZHHHCOknys/m+Rgkog==",
        "dependencies": {
          "Microsoft.EntityFrameworkCore.Abstractions": "9.0.16",
          "Microsoft.EntityFrameworkCore.Analyzers": "9.0.16",
          "Microsoft.Extensions.Caching.Memory": "9.0.16",
          "Microsoft.Extensions.Logging": "9.0.16"
        }
      },
      "SourceLink.Copy.PdbFiles": {
        "type": "Direct",
        "requested": "[2.8.3, )",
        "resolved": "2.8.3",
        "contentHash": "cxlw1QHd/J7lOtSZ45VZMOsF/YSOlwZy0fCkauo9Ib9vOv+zGzjm9q3D8qGyMII0Zz1GSmli/oxhmUNuYUpc1g=="
      },
      "SourceLink.Embed.AllSourceFiles": {
        "type": "Direct",
        "requested": "[2.8.3, )",
        "resolved": "2.8.3",
        "contentHash": "Hv77AfKNDqSUH6MSGW1ZwKWFJ/CNKOe4FD6lpJGNYdSSQeEEsE2KyPlG1IgzA8+CJG8lDQV2vLS4OljHtHohsw=="
      },
      "Microsoft.EntityFrameworkCore.Abstractions": {
        "type": "Transitive",
        "resolved": "9.0.16",
        "contentHash": "t99MjhkXfbVajhe6nPepv4ZP5Qcpj4bgwmv2tNzvKr1NF1J+MRe7tulFHknhOazhUatH+shK/B7/NheiwdYh3A=="
      },
      "Microsoft.EntityFrameworkCore.Analyzers": {
        "type": "Transitive",
        "resolved": "9.0.16",
        "contentHash": "0Kf89oM4aVocoVflsLa/tN7qpX7M5Fg6L6d2H0ZlIil8SFNpG0NmC3bnidAa2690qg2lQwswueiZA0Fl7QAeVw=="
      },
      "Microsoft.Extensions.Caching.Abstractions": {
        "type": "Transitive",
        "resolved": "9.0.16",
        "contentHash": "0jHFjlmTblnQ/m/h6ezqpMDxmc/VM9IYDYvPsLg2BAJt+Js9OAgs1vPMnJtNHFHbTig4Pbxm353eVvlHvCnFTw==",
        "dependencies": {
          "Microsoft.Extensions.Primitives": "9.0.16"
        }
      },
      "Microsoft.Extensions.Caching.Memory": {
        "type": "Transitive",
        "resolved": "9.0.16",
        "contentHash": "DakrEhZN1y0V8gXgexnJfvBJ+7pR+Ki16kCXHZzAKbdb7446BfV+SXPn9DB4eCYCCZ4cuzFRAKGsMaj9GSyz0w==",
        "dependencies": {
          "Microsoft.Extensions.Caching.Abstractions": "9.0.16",
          "Microsoft.Extensions.DependencyInjection.Abstractions": "9.0.16",
          "Microsoft.Extensions.Logging.Abstractions": "9.0.16",
          "Microsoft.Extensions.Options": "9.0.16",
          "Microsoft.Extensions.Primitives": "9.0.16"
        }
      },
      "Microsoft.Extensions.DependencyInjection.Abstractions": {
        "type": "Transitive",
        "resolved": "9.0.16",
        "contentHash": "nluyqL58OHcU2M1qFx2QXBa0miA4yUfQBX2J98hHKRrsigtVEJzQYPMDhwDeBaX4qyjI3f3rX+uOsP5lAwPJpg=="
      },
      "Microsoft.Extensions.Logging.Abstractions": {
        "type": "Transitive",
        "resolved": "9.0.16",
        "contentHash": "dxeqqtPo1y1HjOKehfGiFWALIVw2dj0pMsPW412ksvKE6k54ZBEQ7/9xAdVpE7Mh5BboJOV58PC7gdATmxKkSA==",
        "dependencies": {
          "Microsoft.Extensions.DependencyInjection.Abstractions": "9.0.16"
        }
      },
      "Microsoft.Extensions.Options": {
        "type": "Transitive",
        "resolved": "9.0.16",
        "contentHash": "y6d58Ua9dJYrEKfcWFoPnA/K8id/WEIpcvAhk5Iu7w3vIBTQNmHhurWKAYuesfuLaZhHEKOXueruRp4l0Y74Vw==",
        "dependencies": {
          "Microsoft.Extensions.DependencyInjection.Abstractions": "9.0.16",
          "Microsoft.Extensions.Primitives": "9.0.16"
        }
      },
      "Microsoft.Extensions.Primitives": {
        "type": "Transitive",
        "resolved": "9.0.16",
        "contentHash": "w5RE1MR0lnAElsRJaFd2POIXl/H62aBKmfX8ibYmRmbk0JB9V/9jR0VD5NxiP1ETWpnDAnPguTSe7fF/FdsHEQ=="
      },
      "Microsoft.Extensions.DependencyInjection": {
        "type": "CentralTransitive",
        "requested": "[9.0.16, )",
        "resolved": "9.0.16",
        "contentHash": "ehl4zyK3uUAPX+sQWIzlcavpfWJVb5vl468tI71x5BRzE1Q/1co9OLYmTdEQtVS8qd0GO7RQK/nz6lZha1+Stw==",
        "dependencies": {
          "Microsoft.Extensions.DependencyInjection.Abstractions": "9.0.16"
        }
      },
      "Microsoft.Extensions.Logging": {
        "type": "CentralTransitive",
        "requested": "[9.0.16, )",
        "resolved": "9.0.16",
        "contentHash": "EDI3wGfdlvcOSfYC00NaqW60JibBN7iHlJrrlQwL2cjW+ajDWC+ajGd0oX8iSGNfQRdM8/YMTw4Dk/9xPmpubA==",
        "dependencies": {
          "Microsoft.Extensions.DependencyInjection": "9.0.16",
          "Microsoft.Extensions.Logging.Abstractions": "9.0.16",
          "Microsoft.Extensions.Options": "9.0.16"
        }
      }
    },
    "net9.0/linux-arm64": {},
    "net9.0/linux-x64": {},
    "net9.0/win-x64": {}
  }
}