{
  "version": 2,
  "dependencies": {
    "net9.0": {
      "Microsoft.NET.Test.Sdk": {
        "type": "Direct",
        "requested": "[17.13.0, )",
        "resolved": "17.13.0",
        "contentHash": "W19wCPizaIC9Zh47w8wWI/yxuqR7/dtABwOrc8r2jX/8mUNxM2vw4fXDh+DJTeogxV+KzKwg5jNNGQVwf3LXyA==",
        "dependencies": {
          "Microsoft.CodeCoverage": "17.13.0",
          "Microsoft.TestPlatform.TestHost": "17.13.0"
        }
      },
      "NUnit": {
        "type": "Direct",
        "requested": "[4.3.2, )",
        "resolved": "4.3.2",
        "contentHash": "puVXayXNmEu7MFQSUswGmUjOy3M3baprMbkLl5PAutpeDoGTr+jPv33qAYsqxywi2wJCq8l/O3EhHoLulPE1iQ=="
      },
      "NUnit3TestAdapter": {
        "type": "Direct",
        "requested": "[5.0.0, )",
        "resolved": "5.0.0",
        "contentHash": "sy4cLoUAdE6TDM4wNX5gmNCyhMev5wUz4cA6ZRf/aON9vf9t4xTVGLj/4huhDKcS4dFfmVVcgcP70yC7WC9kKg==",
        "dependencies": {
          "Microsoft.Testing.Extensions.VSTestBridge": "1.5.3",
          "Microsoft.Testing.Platform.MSBuild": "1.5.3"
        }
      },
      "Microsoft.ApplicationInsights": {
        "type": "Transitive",
        "resolved": "2.22.0",
        "contentHash": "3AOM9bZtku7RQwHyMEY3tQMrHIgjcfRDa6YQpd/QG2LDGvMydSlL9Di+8LLMt7J2RDdfJ7/2jdYv6yHcMJAnNw==",
        "dependencies": {
          "System.Diagnostics.DiagnosticSource": "5.0.0"
        }
      },
      "Microsoft.CodeCoverage": {
        "type": "Transitive",
        "resolved": "17.13.0",
        "contentHash": "9LIUy0y+DvUmEPtbRDw6Bay3rzwqFV8P4efTrK4CZhQle3M/QwLPjISghfcolmEGAPWxuJi6m98ZEfk4VR4Lfg=="
      },
      "Microsoft.EntityFrameworkCore.Abstractions": {
        "type": "Transitive",
        "resolved": "9.0.4",
        "contentHash": "E0pkWzI0liqu2ogqJ1kohk2eGkYRhf5tI75HGF6IQDARsshY/0w+prGyLvNuUeV7B8I7vYQZ4CzAKYKxw7b9gQ=="
      },
      "Microsoft.EntityFrameworkCore.Analyzers": {
        "type": "Transitive",
        "resolved": "9.0.4",
        "contentHash": "cMsm1O7g9X5qbB2wjHf3BVVvGwkG+zeXQ+M91I1Bm6RfylFMImqBPzs0+vmuef7fPxr2yOzPhIfJ2wQJfmtaSw=="
      },
      "Microsoft.Extensions.Caching.Abstractions": {
        "type": "Transitive",
        "resolved": "9.0.4",
        "contentHash": "imcZ5BGhBw5mNsWLepBbqqumWaFe0GtvyCvne2/2wsDIBRa2+Lhx4cU/pKt/4BwOizzUEOls2k1eOJQXHGMalg==",
        "dependencies": {
          "Microsoft.Extensions.Primitives": "9.0.4"
        }
      },
      "Microsoft.Extensions.Caching.Memory": {
        "type": "Transitive",
        "resolved": "9.0.4",
        "contentHash": "G5rEq1Qez5VJDTEyRsRUnewAspKjaY57VGsdZ8g8Ja6sXXzoiI3PpTd1t43HjHqNWD5A06MQveb2lscn+2CU+w==",
        "dependencies": {
          "Microsoft.Extensions.Caching.Abstractions": "9.0.4",
          "Microsoft.Extensions.DependencyInjection.Abstractions": "9.0.4",
          "Microsoft.Extensions.Logging.Abstractions": "9.0.4",
          "Microsoft.Extensions.Options": "9.0.4",
          "Microsoft.Extensions.Primitives": "9.0.4"
        }
      },
      "Microsoft.Extensions.DependencyInjection.Abstractions": {
        "type": "Transitive",
        "resolved": "9.0.4",
        "contentHash": "UI0TQPVkS78bFdjkTodmkH0Fe8lXv9LnhGFKgKrsgUJ5a5FVdFRcgjIkBVLbGgdRhxWirxH/8IXUtEyYJx6GQg=="
      },
      "Microsoft.Extensions.Logging.Abstractions": {
        "type": "Transitive",
        "resolved": "9.0.4",
        "contentHash": "0MXlimU4Dud6t+iNi5NEz3dO2w1HXdhoOLaYFuLPCjAsvlPQGwOT6V2KZRMLEhCAm/stSZt1AUv0XmDdkjvtbw==",
        "dependencies": {
          "Microsoft.Extensions.DependencyInjection.Abstractions": "9.0.4"
        }
      },
      "Microsoft.Extensions.Options": {
        "type": "Transitive",
        "resolved": "9.0.4",
        "contentHash": "fiFI2+58kicqVZyt/6obqoFwHiab7LC4FkQ3mmiBJ28Yy4fAvy2+v9MRnSvvlOO8chTOjKsdafFl/K9veCPo5g==",
        "dependencies": {
          "Microsoft.Extensions.DependencyInjection.Abstractions": "9.0.4",
          "Microsoft.Extensions.Primitives": "9.0.4"
        }
      },
      "Microsoft.Extensions.Primitives": {
        "type": "Transitive",
        "resolved": "9.0.4",
        "contentHash": "SPFyMjyku1nqTFFJ928JAMd0QnRe4xjE7KeKnZMWXf3xk+6e0WiOZAluYtLdbJUXtsl2cCRSi8cBquJ408k8RA=="
      },
      "Microsoft.Testing.Extensions.Telemetry": {
        "type": "Transitive",
        "resolved": "1.5.3",
        "contentHash": "U9pGd5DQuX1PfkrdFI+xH34JGgQ2nes5QAwIITTk+MQfLvRITqsZjJeHTjpGWh33D/0q1l7aA8/LQHR7UuCgLQ==",
        "dependencies": {
          "Microsoft.ApplicationInsights": "2.22.0",
          "Microsoft.Testing.Platform": "1.5.3"
        }
      },
      "Microsoft.Testing.Extensions.TrxReport.Abstractions": {
        "type": "Transitive",
        "resolved": "1.5.3",
        "contentHash": "h34zKNpGyni66VH738mRHeXSnf3klSShUdavUWNhSfWICUUi5aXeI0LBvoX/ad93N0+9xBDU3Fyi6WfxrwKQGw==",
        "dependencies": {
          "Microsoft.Testing.Platform": "1.5.3"
        }
      },
      "Microsoft.Testing.Extensions.VSTestBridge": {
        "type": "Transitive",
        "resolved": "1.5.3",
        "contentHash": "cJD67YfDT98wEWyazKVD/yPVW6+H1usXeuselCnRes7JZBTIYWtrCchcOzOahnmajT79eDKqt9sta7DXwTDU4Q==",
        "dependencies": {
          "Microsoft.ApplicationInsights": "2.22.0",
          "Microsoft.TestPlatform.ObjectModel": "17.12.0",
          "Microsoft.Testing.Extensions.Telemetry": "1.5.3",
          "Microsoft.Testing.Extensions.TrxReport.Abstractions": "1.5.3",
          "Microsoft.Testing.Platform": "1.5.3"
        }
      },
      "Microsoft.Testing.Platform": {
        "type": "Transitive",
        "resolved": "1.5.3",
        "contentHash": "WqJydnJ99dEKtquR9HwINz104ehWJKTXbQQrydGatlLRw14bmsx0pa8+E6KUXMYXZAimN0swWlDmcJGjjW4TIg=="
      },
      "Microsoft.Testing.Platform.MSBuild": {
        "type": "Transitive",
        "resolved": "1.5.3",
        "contentHash": "bOtpRMSPeT5YLQo+NNY8EtdNTphAUcmALjW4ABU7P0rb6yR2XAZau3TzNieLmR3lRuwudguWzzBhgcLRXwZh0A==",
        "dependencies": {
          "Microsoft.Testing.Platform": "1.5.3"
        }
      },
      "Microsoft.TestPlatform.TestHost": {
        "type": "Transitive",
        "resolved": "17.13.0",
        "contentHash": "9GGw08Dc3AXspjekdyTdZ/wYWFlxbgcF0s7BKxzVX+hzAwpifDOdxM+ceVaaJSQOwqt3jtuNlHn3XTpKUS9x9Q==",
        "dependencies": {
          "Microsoft.TestPlatform.ObjectModel": "17.13.0",
          "Newtonsoft.Json": "13.0.1"
        }
      },
      "Microsoft.Win32.SystemEvents": {
        "type": "Transitive",
        "resolved": "8.0.0",
        "contentHash": "9opKRyOKMCi2xJ7Bj7kxtZ1r9vbzosMvRrdEhVhDz8j8MoBGgB+WmC94yH839NPH+BclAjtQ/pyagvi/8gDLkw=="
      },
      "System.Configuration.ConfigurationManager": {
        "type": "Transitive",
        "resolved": "8.0.0",
        "contentHash": "JlYi9XVvIREURRUlGMr1F6vOFLk7YSY4p1vHo4kX3tQ0AGrjqlRWHDi66ImHhy6qwXBG3BJ6Y1QlYQ+Qz6Xgww==",
        "dependencies": {
          "System.Diagnostics.EventLog": "8.0.0",
          "System.Security.Cryptography.ProtectedData": "8.0.0"
        }
      },
      "System.Diagnostics.DiagnosticSource": {
        "type": "Transitive",
        "resolved": "5.0.0",
        "contentHash": "tCQTzPsGZh/A9LhhA6zrqCRV4hOHsK90/G7q3Khxmn6tnB1PuNU0cRaKANP2AWcF9bn0zsuOoZOSrHuJk6oNBA=="
      },
      "System.Diagnostics.EventLog": {
        "type": "Transitive",
        "resolved": "8.0.0",
        "contentHash": "fdYxcRjQqTTacKId/2IECojlDSFvp7LP5N78+0z/xH7v/Tuw5ZAxu23Y6PTCRinqyu2ePx+Gn1098NC6jM6d+A=="
      },
      "System.Drawing.Common": {
        "type": "Transitive",
        "resolved": "8.0.0",
        "contentHash": "JkbHJjtI/dWc5dfmEdJlbe3VwgZqCkZRtfuWFh5GOv0f+gGCfBtzMpIVkmdkj2AObO9y+oiOi81UGwH3aBYuqA==",
        "dependencies": {
          "Microsoft.Win32.SystemEvents": "8.0.0"
        }
      },
      "System.Reflection.Metadata": {
        "type": "Transitive",
        "resolved": "1.6.0",
        "contentHash": "COC1aiAJjCoA5GBF+QKL2uLqEBew4JsCkQmoHKbN3TlOZKa2fKLz5CpiRQKDz0RsAOEGsVKqOD5bomsXq/4STQ=="
      },
      "System.Security.Cryptography.ProtectedData": {
        "type": "Transitive",
        "resolved": "8.0.0",
        "contentHash": "+TUFINV2q2ifyXauQXRwy4CiBhqvDEDZeVJU7qfxya4aRYOKzVBpN+4acx25VcPB9ywUN6C0n8drWl110PhZEg=="
      },
      "be.vlaanderen.basisregisters.projectionhandling.connector": {
        "type": "Project",
        "dependencies": {
          "Microsoft.EntityFrameworkCore": "[9.0.4, )"
        }
      },
      "be.vlaanderen.basisregisters.projectionhandling.connector.testing": {
        "type": "Project",
        "dependencies": {
          "Be.Vlaanderen.Basisregisters.ProjectionHandling.Connector": "[1.0.0, )",
          "CompareNETObjects": "[4.83.0, )",
          "Microsoft.EntityFrameworkCore": "[9.0.4, )",
          "Newtonsoft.Json": "[13.0.3, )"
        }
      },
      "CompareNETObjects": {
        "type": "CentralTransitive",
        "requested": "[4.83.0, )",
        "resolved": "4.83.0",
        "contentHash": "KNpF1bgvuifzKB5BId3ZHXaBdI/rgJNpq0ZvM2wtdc1Oe8rh4rUUQUnBgHOJQ353eVGNxoXwvlOPuZqg/5cjdg==",
        "dependencies": {
          "System.Configuration.Configurationmanager": "8.0.0",
          "System.Drawing.Common": "8.0.0"
        }
      },
      "Microsoft.EntityFrameworkCore": {
        "type": "CentralTransitive",
        "requested": "[9.0.4, )",
        "resolved": "9.0.4",
        "contentHash": "+5IAX0aicQYCRfN4pAjad+JPwdEYoVEM3Z1Cl8/EiEv3FVHQHdd8TJQpQIslQDDQS/UsUMb0MsOXwqOh+TJtRw==",
        "dependencies": {
          "Microsoft.EntityFrameworkCore.Abstractions": "9.0.4",
          "Microsoft.EntityFrameworkCore.Analyzers": "9.0.4",
          "Microsoft.Extensions.Caching.Memory": "9.0.4",
          "Microsoft.Extensions.Logging": "9.0.4"
        }
      },
      "Microsoft.Extensions.DependencyInjection": {
        "type": "CentralTransitive",
        "requested": "[9.0.4, )",
        "resolved": "9.0.4",
        "contentHash": "f2MTUaS2EQ3lX4325ytPAISZqgBfXmY0WvgD80ji6Z20AoDNiCESxsqo6mFRwHJD/jfVKRw9FsW6+86gNre3ug==",
        "dependencies": {
          "Microsoft.Extensions.DependencyInjection.Abstractions": "9.0.4"
        }
      },
      "Microsoft.Extensions.Logging": {
        "type": "CentralTransitive",
        "requested": "[9.0.4, )",
        "resolved": "9.0.4",
        "contentHash": "xW6QPYsqhbuWBO9/1oA43g/XPKbohJx+7G8FLQgQXIriYvY7s+gxr2wjQJfRoPO900dvvv2vVH7wZovG+M1m6w==",
        "dependencies": {
          "Microsoft.Extensions.DependencyInjection": "9.0.4",
          "Microsoft.Extensions.Logging.Abstractions": "9.0.4",
          "Microsoft.Extensions.Options": "9.0.4"
        }
      },
      "Microsoft.TestPlatform.ObjectModel": {
        "type": "CentralTransitive",
        "requested": "[17.13.0, )",
        "resolved": "17.13.0",
        "contentHash": "bt0E0Dx+iqW97o4A59RCmUmz/5NarJ7LRL+jXbSHod72ibL5XdNm1Ke+UO5tFhBG4VwHLcSjqq9BUSblGNWamw==",
        "dependencies": {
          "System.Reflection.Metadata": "1.6.0"
        }
      },
      "Newtonsoft.Json": {
        "type": "CentralTransitive",
        "requested": "[13.0.3, )",
        "resolved": "13.0.3",
        "contentHash": "HrC5BXdl00IP9zeV+0Z848QWPAoCr9P3bDEZguI+gkLcBKAOxix/tLEAAHC+UvDNPv4a2d18lOReHMOagPa+zQ=="
      }
    },
    "net9.0/linux-x64": {
      "Microsoft.Win32.SystemEvents": {
        "type": "Transitive",
        "resolved": "8.0.0",
        "contentHash": "9opKRyOKMCi2xJ7Bj7kxtZ1r9vbzosMvRrdEhVhDz8j8MoBGgB+WmC94yH839NPH+BclAjtQ/pyagvi/8gDLkw=="
      },
      "System.Diagnostics.EventLog": {
        "type": "Transitive",
        "resolved": "8.0.0",
        "contentHash": "fdYxcRjQqTTacKId/2IECojlDSFvp7LP5N78+0z/xH7v/Tuw5ZAxu23Y6PTCRinqyu2ePx+Gn1098NC6jM6d+A=="
      }
    },
    "net9.0/win-x64": {
      "Microsoft.Win32.SystemEvents": {
        "type": "Transitive",
        "resolved": "8.0.0",
        "contentHash": "9opKRyOKMCi2xJ7Bj7kxtZ1r9vbzosMvRrdEhVhDz8j8MoBGgB+WmC94yH839NPH+BclAjtQ/pyagvi/8gDLkw=="
      },
      "System.Diagnostics.EventLog": {
        "type": "Transitive",
        "resolved": "8.0.0",
        "contentHash": "fdYxcRjQqTTacKId/2IECojlDSFvp7LP5N78+0z/xH7v/Tuw5ZAxu23Y6PTCRinqyu2ePx+Gn1098NC6jM6d+A=="
      }
    }
  }
}