{
  "version": 2,
  "dependencies": {
    "net9.0": {
      "Npgsql.EntityFrameworkCore.PostgreSQL": {
        "type": "Direct",
        "requested": "[9.0.4, )",
        "resolved": "9.0.4",
        "contentHash": "mw5vcY2IEc7L+IeGrxpp/J5OSnCcjkjAgJYCm/eD52wpZze8zsSifdqV7zXslSMmfJG2iIUGZyo3KuDtEFKwMQ==",
        "dependencies": {
          "Microsoft.EntityFrameworkCore": "[9.0.1, 10.0.0)",
          "Microsoft.EntityFrameworkCore.Relational": "[9.0.1, 10.0.0)",
          "Npgsql": "9.0.3"
        }
      },
      "Polly": {
        "type": "Direct",
        "requested": "[8.5.2, )",
        "resolved": "8.5.2",
        "contentHash": "vbXsGgkG86nG+TOwY+SmtrGrRHmHH0DQaxtILx//d3Dz/ocJ8izSNYzdvU2gEtWa/LDD8zJLvD3HdjEkdlvkhg==",
        "dependencies": {
          "Polly.Core": "8.5.2"
        }
      },
      "SourceLink.Copy.PdbFiles": {
        "type": "Direct",
        "requested": "[2.8.3, )",
        "resolved": "2.8.3",
        "contentHash": "cxlw1QHd/J7lOtSZ45VZMOsF/YSOlwZy0fCkauo9Ib9vOv+zGzjm9q3D8qGyMII0Zz1GSmli/oxhmUNuYUpc1g=="
      },
      "SourceLink.Embed.AllSourceFiles": {
        "type": "Direct",
        "requested": "[2.8.3, )",
        "resolved": "2.8.3",
        "contentHash": "Hv77AfKNDqSUH6MSGW1ZwKWFJ/CNKOe4FD6lpJGNYdSSQeEEsE2KyPlG1IgzA8+CJG8lDQV2vLS4OljHtHohsw=="
      },
      "Autofac": {
        "type": "Transitive",
        "resolved": "8.1.0",
        "contentHash": "O2QT+0DSTBR2Ojpacmcj3L0KrnnXTFrwLl/OW1lBUDiHhb89msHEHNhTA8AlK3jdFiAfMbAYyQaJVvRe6oSBcQ==",
        "dependencies": {
          "System.Diagnostics.DiagnosticSource": "8.0.1"
        }
      },
      "Be.Vlaanderen.Basisregisters.Converters.TrimString": {
        "type": "Transitive",
        "resolved": "5.0.0",
        "contentHash": "LVMiWd/VIVKgbcmtiQgYBi/yGMxSEybDrruUTOVEa4hQc0eMMd55a/KyMmaqsT0afMQwgqwO6ld25RagB7sQoA==",
        "dependencies": {
          "Newtonsoft.Json": "13.0.3"
        }
      },
      "Microsoft.CSharp": {
        "type": "Transitive",
        "resolved": "4.7.0",
        "contentHash": "pTj+D3uJWyN3My70i2Hqo+OXixq3Os2D1nJ2x92FFo6sk8fYS1m1WLNTs0Dc1uPaViH0YvEEwvzddQ7y4rhXmA=="
      },
      "Microsoft.EntityFrameworkCore.Abstractions": {
        "type": "Transitive",
        "resolved": "9.0.3",
        "contentHash": "HQH7HgwTl6IyasW7t6F2+ihuHLDmf9+8XaS41v8VHN5Z7x5ZMQIiHCbwxme4P5ICAjBG6VsWcjMCoh4fHbEwJg=="
      },
      "Microsoft.EntityFrameworkCore.Analyzers": {
        "type": "Transitive",
        "resolved": "9.0.3",
        "contentHash": "M+iOxejD3HqPV8/KE148wIehHA3cmMF+FgnpiN8CFB7DLokVSKQPPrwtHjcrNYJ/BDEssviEPNok/jtQWxj7xA=="
      },
      "Microsoft.Extensions.Caching.Abstractions": {
        "type": "Transitive",
        "resolved": "9.0.3",
        "contentHash": "t8b0R6wtqC4o0hJ+oQkLPydw2MMLEoLEpQXCWbzXAm9NBMOngkDZNcvwF6DxbYdL5SlfZJXbYmiOxKZmwHNgNg==",
        "dependencies": {
          "Microsoft.Extensions.Primitives": "9.0.3"
        }
      },
      "Microsoft.Extensions.Caching.Memory": {
        "type": "Transitive",
        "resolved": "9.0.3",
        "contentHash": "TXggBGDDd6r+J7FV09plXpzGmWcknVyoDsHlY2qcCbcAhmb0eH7Q9IkfIZl54/zEedVTa9jPgiPFTxH9WuCGMQ==",
        "dependencies": {
          "Microsoft.Extensions.Caching.Abstractions": "9.0.3",
          "Microsoft.Extensions.DependencyInjection.Abstractions": "9.0.3",
          "Microsoft.Extensions.Logging.Abstractions": "9.0.3",
          "Microsoft.Extensions.Options": "9.0.3",
          "Microsoft.Extensions.Primitives": "9.0.3"
        }
      },
      "Microsoft.Extensions.Configuration.Abstractions": {
        "type": "Transitive",
        "resolved": "9.0.3",
        "contentHash": "q5qlbm6GRUrle2ZZxy9aqS/wWoc+mRD3JeP6rcpiJTh5XcemYkplAcJKq8lU11ZfPom5lfbZZfnQvDqcUhqD5Q==",
        "dependencies": {
          "Microsoft.Extensions.Primitives": "9.0.3"
        }
      },
      "Microsoft.Extensions.DependencyInjection.Abstractions": {
        "type": "Transitive",
        "resolved": "9.0.3",
        "contentHash": "TfaHPSe39NyL2wxkisRxXK7xvHGZYBZ+dy3r+mqGvnxKgAPdHkMu3QMQZI4pquP6W5FIQBqs8FJpWV8ffCgDqQ=="
      },
      "Microsoft.Extensions.FileProviders.Abstractions": {
        "type": "Transitive",
        "resolved": "9.0.3",
        "contentHash": "umczZ3+QPpzlrW/lkvy+IB0p52+qZ5w++aqx2lTCMOaPKzwcbVdrJgiQ3ajw5QWBp7gChLUiCYkSlWUpfjv24g==",
        "dependencies": {
          "Microsoft.Extensions.Primitives": "9.0.3"
        }
      },
      "Microsoft.Extensions.FileProviders.Physical": {
        "type": "Transitive",
        "resolved": "9.0.3",
        "contentHash": "th2+tQBV5oWjgKhip9GjiIv2AEK3QvfAO3tZcqV3F3dEt5D6Gb411RntCj1+8GS9HaRRSxjSGx/fCrMqIjkb1Q==",
        "dependencies": {
          "Microsoft.Extensions.FileProviders.Abstractions": "9.0.3",
          "Microsoft.Extensions.FileSystemGlobbing": "9.0.3",
          "Microsoft.Extensions.Primitives": "9.0.3"
        }
      },
      "Microsoft.Extensions.FileSystemGlobbing": {
        "type": "Transitive",
        "resolved": "9.0.3",
        "contentHash": "Rec77KHk4iNpFznHi5/6wF3MlUDcKqg26t8gRYbUm1PSukZ4B6mrXpZsJSNOiwyhhQVkjYbaoZxi5XJgRQ5lFg=="
      },
      "Microsoft.Extensions.Logging.Abstractions": {
        "type": "Transitive",
        "resolved": "9.0.3",
        "contentHash": "H/MBMLt9A/69Ux4OrV7oCKt3DcMT04o5SCqDolulzQA66TLFEpYYb4qedMs/uwrLtyHXGuDGWKZse/oa8W9AZw==",
        "dependencies": {
          "Microsoft.Extensions.DependencyInjection.Abstractions": "9.0.3"
        }
      },
      "Microsoft.Extensions.Options": {
        "type": "Transitive",
        "resolved": "9.0.3",
        "contentHash": "xE7MpY70lkw1oiid5y6FbL9dVw8oLfkx8RhSNGN8sSzBlCqGn0SyT3Fqc8tZnDaPIq7Z8R9RTKlS564DS+MV3g==",
        "dependencies": {
          "Microsoft.Extensions.DependencyInjection.Abstractions": "9.0.3",
          "Microsoft.Extensions.Primitives": "9.0.3"
        }
      },
      "Microsoft.Extensions.Primitives": {
        "type": "Transitive",
        "resolved": "9.0.3",
        "contentHash": "yCCJHvBcRyqapMSNzP+kTc57Eaavq2cr5Tmuil6/XVnipQf5xmskxakSQ1enU6S4+fNg3sJ27WcInV64q24JsA=="
      },
      "NodaTime": {
        "type": "Transitive",
        "resolved": "3.0.0",
        "contentHash": "ZauY6Ihs+abkPCpgIafCj92sl+cDqFbvwrJj9Ga0dteWIYg+A5FeoteBzgzez/cyBeukl2kbDTt4qtpTbHvqOw==",
        "dependencies": {
          "System.Runtime.CompilerServices.Unsafe": "4.7.1"
        }
      },
      "NodaTime.Serialization.JsonNet": {
        "type": "Transitive",
        "resolved": "3.2.0",
        "contentHash": "zf4dQoRBaFxJ5Hf1SqVVHCPcMViKMZK/P0YnJUuhB8g58IxNGOkSxsPPX9jFp3fMjGrEER/ehyO+y86ubD4OKw==",
        "dependencies": {
          "Newtonsoft.Json": "13.0.3",
          "NodaTime": "[3.0.0, 4.0.0)"
        }
      },
      "Polly.Core": {
        "type": "Transitive",
        "resolved": "8.5.2",
        "contentHash": "1MJKdxv4zwDmiWvYvVN24DsrWUfgQ4F83voH8bhbtLMdPuGy8CfTUzsgQhvyrl1a7hrM6f/ydwLVdVUI0xooUw=="
      },
      "System.Diagnostics.DiagnosticSource": {
        "type": "Transitive",
        "resolved": "8.0.1",
        "contentHash": "vaoWjvkG1aenR2XdjaVivlCV9fADfgyhW5bZtXT23qaEea0lWiUljdQuze4E31vKM7ZWJaSUsbYIKE3rnzfZUg=="
      },
      "System.Runtime.CompilerServices.Unsafe": {
        "type": "Transitive",
        "resolved": "4.7.1",
        "contentHash": "zOHkQmzPCn5zm/BH+cxC1XbUS3P4Yoi3xzW7eRgVpDR2tPGSzyMZ17Ig1iRkfJuY0nhxkQQde8pgePNiA7z7TQ=="
      },
      "be.vlaanderen.basisregisters.projectionhandling.connector": {
        "type": "Project",
        "dependencies": {
          "Microsoft.EntityFrameworkCore": "[9.0.3, )"
        }
      },
      "be.vlaanderen.basisregisters.projectionhandling.runner": {
        "type": "Project",
        "dependencies": {
          "Autofac.Extensions.DependencyInjection": "[10.0.0, )",
          "Be.Vlaanderen.Basisregisters.ProjectionHandling.Connector": "[1.0.0, )",
          "Be.Vlaanderen.Basisregisters.ProjectionHandling.SqlStreamStore": "[1.0.0, )",
          "Microsoft.EntityFrameworkCore.InMemory": "[9.0.3, )",
          "Microsoft.EntityFrameworkCore.Relational": "[9.0.3, )",
          "Microsoft.Extensions.Configuration": "[9.0.3, )",
          "Microsoft.Extensions.Configuration.CommandLine": "[9.0.3, )",
          "Microsoft.Extensions.Configuration.EnvironmentVariables": "[9.0.3, )",
          "Microsoft.Extensions.Configuration.FileExtensions": "[9.0.3, )",
          "Microsoft.Extensions.Configuration.Json": "[9.0.3, )",
          "SqlStreamStore": "[1.2.0, )"
        }
      },
      "be.vlaanderen.basisregisters.projectionhandling.sqlstreamstore": {
        "type": "Project",
        "dependencies": {
          "Be.Vlaanderen.Basisregisters.EventHandling": "[7.0.0, )",
          "SqlStreamStore": "[1.2.0, )"
        }
      },
      "Autofac.Extensions.DependencyInjection": {
        "type": "CentralTransitive",
        "requested": "[10.0.0, )",
        "resolved": "10.0.0",
        "contentHash": "ZjR/onUlP7BzQ7VBBigQepWLAyAzi3VRGX3pP6sBqkPRiT61fsTZqbTpRUKxo30TMgbs1o3y6bpLbETix4SJog==",
        "dependencies": {
          "Autofac": "8.1.0",
          "Microsoft.Extensions.DependencyInjection.Abstractions": "8.0.1"
        }
      },
      "Be.Vlaanderen.Basisregisters.EventHandling": {
        "type": "CentralTransitive",
        "requested": "[7.0.0, )",
        "resolved": "7.0.0",
        "contentHash": "+KRMy1JBvzh8FF2tPZevMbLAZWkKUHQMyxAR1pBz2DbGiZ91rEjmlRbXnDbIlamZZI4DCcxtgbDMntuhIWCMOg==",
        "dependencies": {
          "Be.Vlaanderen.Basisregisters.Converters.TrimString": "5.0.0",
          "Newtonsoft.Json": "13.0.3",
          "NodaTime.Serialization.JsonNet": "3.2.0"
        }
      },
      "Microsoft.EntityFrameworkCore": {
        "type": "CentralTransitive",
        "requested": "[9.0.3, )",
        "resolved": "9.0.3",
        "contentHash": "ji6fWE8bFWTvqaMue49RSCcAeqlec13hAbitTBZyz/RmYsQDhqM9VkWUoXS1x1mjcsyWjc5EQr2XyuAkwp0eNQ==",
        "dependencies": {
          "Microsoft.EntityFrameworkCore.Abstractions": "9.0.3",
          "Microsoft.EntityFrameworkCore.Analyzers": "9.0.3",
          "Microsoft.Extensions.Caching.Memory": "9.0.3",
          "Microsoft.Extensions.Logging": "9.0.3"
        }
      },
      "Microsoft.EntityFrameworkCore.InMemory": {
        "type": "CentralTransitive",
        "requested": "[9.0.3, )",
        "resolved": "9.0.3",
        "contentHash": "cSi0TzffzSN4p83qtgxhWKl+jcD17xfuTzYz6IJWVHkjQsD5gOdqpY5VBBFZhTgqdwon8LnArs9cFjd9EYCC1g==",
        "dependencies": {
          "Microsoft.EntityFrameworkCore": "9.0.3",
          "Microsoft.Extensions.Caching.Memory": "9.0.3",
          "Microsoft.Extensions.Logging": "9.0.3"
        }
      },
      "Microsoft.EntityFrameworkCore.Relational": {
        "type": "CentralTransitive",
        "requested": "[9.0.3, )",
        "resolved": "9.0.3",
        "contentHash": "xsS+5TM7M5f3tCSRaSbzouGCoIgD2zokQxBGXvf9z3DusRztWvT1NNT9XJaY2JoK1qEEDcHah8is6azYmpZhIg==",
        "dependencies": {
          "Microsoft.EntityFrameworkCore": "9.0.3",
          "Microsoft.Extensions.Caching.Memory": "9.0.3",
          "Microsoft.Extensions.Configuration.Abstractions": "9.0.3",
          "Microsoft.Extensions.Logging": "9.0.3"
        }
      },
      "Microsoft.Extensions.Configuration": {
        "type": "CentralTransitive",
        "requested": "[9.0.3, )",
        "resolved": "9.0.3",
        "contentHash": "RIEeZxWYm77+OWLwgik7DzSVSONjqkmcbuCb1koZdGAV7BgOUWnLz80VMyHZMw3onrVwFCCMHBBdruBPuQTvkg==",
        "dependencies": {
          "Microsoft.Extensions.Configuration.Abstractions": "9.0.3",
          "Microsoft.Extensions.Primitives": "9.0.3"
        }
      },
      "Microsoft.Extensions.Configuration.CommandLine": {
        "type": "CentralTransitive",
        "requested": "[9.0.3, )",
        "resolved": "9.0.3",
        "contentHash": "rVwz4ml/Jve/QzzUlyTVOKXVZ37op9RK6Ize4uPmJ3S5c2ErExoy816+dslBQ06ZrFq8M9bpnV5LVBuPD1ONHQ==",
        "dependencies": {
          "Microsoft.Extensions.Configuration": "9.0.3",
          "Microsoft.Extensions.Configuration.Abstractions": "9.0.3"
        }
      },
      "Microsoft.Extensions.Configuration.EnvironmentVariables": {
        "type": "CentralTransitive",
        "requested": "[9.0.3, )",
        "resolved": "9.0.3",
        "contentHash": "fo84UIa8aSBG3pOtzLsgkj1YkOVfYFy2YWcRTCevHHAkuVsxnYnKBrcW2pyFgqqfQ/rT8K1nmRXHDdQIZ8PDig==",
        "dependencies": {
          "Microsoft.Extensions.Configuration": "9.0.3",
          "Microsoft.Extensions.Configuration.Abstractions": "9.0.3"
        }
      },
      "Microsoft.Extensions.Configuration.FileExtensions": {
        "type": "CentralTransitive",
        "requested": "[9.0.3, )",
        "resolved": "9.0.3",
        "contentHash": "tBNMSDJ2q7WQK2zwPhHY5I/q95t7sf6dT079mGrNm0yOZF/gM9JvR/LtCb/rwhRmh7A6XMnzv5WbpCh9KLq9EQ==",
        "dependencies": {
          "Microsoft.Extensions.Configuration": "9.0.3",
          "Microsoft.Extensions.Configuration.Abstractions": "9.0.3",
          "Microsoft.Extensions.FileProviders.Abstractions": "9.0.3",
          "Microsoft.Extensions.FileProviders.Physical": "9.0.3",
          "Microsoft.Extensions.Primitives": "9.0.3"
        }
      },
      "Microsoft.Extensions.Configuration.Json": {
        "type": "CentralTransitive",
        "requested": "[9.0.3, )",
        "resolved": "9.0.3",
        "contentHash": "mjkp3ZwynNacZk4uq93I0DyCY48FZmi3yRV0xlfeDuWh44KcDunPXHwt8IWr4kL7cVM6eiFVe6YTJg97KzUAUA==",
        "dependencies": {
          "Microsoft.Extensions.Configuration": "9.0.3",
          "Microsoft.Extensions.Configuration.Abstractions": "9.0.3",
          "Microsoft.Extensions.Configuration.FileExtensions": "9.0.3",
          "Microsoft.Extensions.FileProviders.Abstractions": "9.0.3"
        }
      },
      "Microsoft.Extensions.DependencyInjection": {
        "type": "CentralTransitive",
        "requested": "[9.0.3, )",
        "resolved": "9.0.3",
        "contentHash": "lDbxJpkl6X8KZGpkAxgrrthQ42YeiR0xjPp7KPx+sCPc3ZbpaIbjzd0QQ+9kDdK2RU2DOl3pc6tQyAgEZY3V0A==",
        "dependencies": {
          "Microsoft.Extensions.DependencyInjection.Abstractions": "9.0.3"
        }
      },
      "Microsoft.Extensions.Logging": {
        "type": "CentralTransitive",
        "requested": "[9.0.3, )",
        "resolved": "9.0.3",
        "contentHash": "utIi2R1nm+PCWkvWBf1Ou6LWqg9iLfHU23r8yyU9VCvda4dEs7xbTZSwGa5KuwbpzpgCbHCIuKaFHB3zyFmnGw==",
        "dependencies": {
          "Microsoft.Extensions.DependencyInjection": "9.0.3",
          "Microsoft.Extensions.Logging.Abstractions": "9.0.3",
          "Microsoft.Extensions.Options": "9.0.3"
        }
      },
      "Newtonsoft.Json": {
        "type": "CentralTransitive",
        "requested": "[13.0.3, )",
        "resolved": "13.0.3",
        "contentHash": "HrC5BXdl00IP9zeV+0Z848QWPAoCr9P3bDEZguI+gkLcBKAOxix/tLEAAHC+UvDNPv4a2d18lOReHMOagPa+zQ=="
      },
      "Npgsql": {
        "type": "CentralTransitive",
        "requested": "[9.0.3, )",
        "resolved": "9.0.3",
        "contentHash": "tPvY61CxOAWxNsKLEBg+oR646X4Bc8UmyQ/tJszL/7mEmIXQnnBhVJZrZEEUv0Bstu0mEsHZD5At3EO8zQRAYw==",
        "dependencies": {
          "Microsoft.Extensions.Logging.Abstractions": "8.0.2"
        }
      },
      "SqlStreamStore": {
        "type": "CentralTransitive",
        "requested": "[1.2.0, )",
        "resolved": "1.2.0",
        "contentHash": "AlHlvqhwSkC9MbhlUQRMTtgf4d6qk8xs0n1jDiiCM6cJlp8w/aGJxdI5/+dQwXWlN79FFZFc/vunkfheHmX/2g==",
        "dependencies": {
          "Microsoft.CSharp": "4.7.0"
        }
      }
    },
    "net9.0/linux-arm64": {},
    "net9.0/linux-x64": {},
    "net9.0/win-x64": {}
  }
}